<?xml version="1.0" encoding="utf-8"?>
<Project ToolsVersion="4.0" xmlns="http://schemas.microsoft.com/developer/msbuild/2003">
  <ItemGroup>
    <Filter Include="Source Files">
      <UniqueIdentifier>{4FC737F1-C7A5-4376-A066-2A32D752A2FF}</UniqueIdentifier>
      <Extensions>cpp;c;cc;cxx;c++;def;odl;idl;hpj;bat;asm;asmx</Extensions>
    </Filter>
    <Filter Include="Header Files">
      <UniqueIdentifier>{93995380-89BD-4b04-88EB-625FBE52EBFB}</UniqueIdentifier>
      <Extensions>h;hh;hpp;hxx;h++;hm;inl;inc;ipp;xsd</Extensions>
    </Filter>
    <Filter Include="Resource Files">
      <UniqueIdentifier>{67DA6AB6-F800-4c08-8B7A-83BB121AAD01}</UniqueIdentifier>
      <Extensions>rc;ico;cur;bmp;dlg;rc2;rct;bin;rgs;gif;jpg;jpeg;jpe;resx;tiff;tif;png;wav;mfcribbon-ms</Extensions>
    </Filter>
    <Filter Include="Source Files\GameLogic">
      <UniqueIdentifier>{49ef9a48-77b8-47d3-b85e-746156f81bdd}</UniqueIdentifier>
    </Filter>
    <Filter Include="Modelloading">
      <UniqueIdentifier>{b1778fec-e11e-4e3e-9b75-b18ea5aa9f68}</UniqueIdentifier>
    </Filter>
    <Filter Include="Components">
      <UniqueIdentifier>{7a7f72b1-d397-4578-a83a-3ea23aa79941}</UniqueIdentifier>
    </Filter>
    <Filter Include="Source Files\GameLogic\Spaces">
      <UniqueIdentifier>{22437eed-cc0e-4b36-b81c-869ad7ced4f7}</UniqueIdentifier>
    </Filter>
    <Filter Include="Source Files\imGui">
      <UniqueIdentifier>{20f15cec-d8f5-40fa-837c-181993eaebb3}</UniqueIdentifier>
    </Filter>
    <Filter Include="Header Files\imGui">
      <UniqueIdentifier>{d90b0ea8-7ce8-488e-a7e6-d2c0a013cf62}</UniqueIdentifier>
    </Filter>
  </ItemGroup>
  <ItemGroup>
    <ClCompile Include="tigl.cpp">
      <Filter>Source Files</Filter>
    </ClCompile>
    <ClCompile Include="main.cpp">
      <Filter>Source Files</Filter>
    </ClCompile>
    <ClCompile Include="obj-model.cpp">
      <Filter>Modelloading</Filter>
    </ClCompile>
    <ClCompile Include="texture.cpp">
      <Filter>Modelloading</Filter>
    </ClCompile>
    <ClCompile Include="Component.cpp">
      <Filter>Components</Filter>
    </ClCompile>
    <ClCompile Include="DrawComponent.cpp">
      <Filter>Components</Filter>
    </ClCompile>
    <ClCompile Include="GameObject.cpp">
      <Filter>Source Files</Filter>
    </ClCompile>
    <ClCompile Include="ModelComponent.cpp">
      <Filter>Components</Filter>
    </ClCompile>
    <ClCompile Include="SpinComponent.cpp">
      <Filter>Components</Filter>
    </ClCompile>
    <ClCompile Include="MoveToComponent.cpp">
      <Filter>Components</Filter>
    </ClCompile>
    <ClCompile Include="DiceDetection.cpp">
      <Filter>Source Files</Filter>
    </ClCompile>
    <ClCompile Include="ObjectManager.cpp">
      <Filter>Source Files</Filter>
    </ClCompile>
    <ClCompile Include="Player.cpp">
      <Filter>Source Files\GameLogic</Filter>
    </ClCompile>
    <ClCompile Include="Space.cpp">
      <Filter>Source Files\GameLogic\Spaces</Filter>
    </ClCompile>
    <ClCompile Include="NormalSpace.cpp">
      <Filter>Source Files\GameLogic\Spaces</Filter>
    </ClCompile>
    <ClCompile Include="Game.cpp">
      <Filter>Source Files\GameLogic</Filter>
    </ClCompile>
    <ClCompile Include="ObjectManager.cpp">
      <Filter>Source Files</Filter>
    </ClCompile>
    <ClCompile Include="imGui\imgui_tables.cpp">
      <Filter>Source Files\imGui</Filter>
    </ClCompile>
    <ClCompile Include="imGui\imgui_widgets.cpp">
      <Filter>Source Files\imGui</Filter>
    </ClCompile>
    <ClCompile Include="imGui\imgui.cpp">
      <Filter>Source Files\imGui</Filter>
    </ClCompile>
    <ClCompile Include="imGui\imgui_demo.cpp">
      <Filter>Source Files\imGui</Filter>
    </ClCompile>
    <ClCompile Include="imGui\imgui_draw.cpp">
      <Filter>Source Files\imGui</Filter>
    </ClCompile>
    <ClCompile Include="imGui\imgui_impl_glfw.cpp">
      <Filter>Source Files\imGui</Filter>
    </ClCompile>
    <ClCompile Include="imGui\imgui_impl_opengl3.cpp">
      <Filter>Source Files\imGui</Filter>
    </ClCompile>
  </ItemGroup>
  <ItemGroup>
    <ClInclude Include="tigl.h">
      <Filter>Header Files</Filter>
    </ClInclude>
    <ClInclude Include="DiceDetection.h">
      <Filter>Header Files</Filter>
    </ClInclude>
    <ClInclude Include="Component.h">
      <Filter>Components</Filter>
    </ClInclude>
    <ClInclude Include="DrawComponent.h">
      <Filter>Components</Filter>
    </ClInclude>
    <ClInclude Include="GameObject.h">
      <Filter>Header Files</Filter>
    </ClInclude>
    <ClInclude Include="ModelComponent.h">
      <Filter>Components</Filter>
    </ClInclude>
    <ClInclude Include="obj-model.h">
      <Filter>Modelloading</Filter>
    </ClInclude>
    <ClInclude Include="texture.h">
      <Filter>Modelloading</Filter>
    </ClInclude>
    <ClInclude Include="SpinComponent.h">
      <Filter>Components</Filter>
    </ClInclude>
    <ClInclude Include="MoveToComponent.h">
      <Filter>Components</Filter>
    </ClInclude>
    <ClInclude Include="Components.h">
      <Filter>Header Files</Filter>
    </ClInclude>
    <ClInclude Include="ObjectManager.h">
      <Filter>Header Files</Filter>
    </ClInclude>
    <ClInclude Include="ExtraString.h">
      <Filter>Header Files</Filter>
    </ClInclude>
    <ClInclude Include="Player.h">
      <Filter>Source Files\GameLogic</Filter>
    </ClInclude>
    <ClInclude Include="Space.h">
      <Filter>Source Files\GameLogic\Spaces</Filter>
    </ClInclude>
    <ClInclude Include="NormalSpace.h">
      <Filter>Source Files\GameLogic\Spaces</Filter>
    </ClInclude>
    <ClInclude Include="Game.h">
      <Filter>Source Files\GameLogic</Filter>
    </ClInclude>
    <ClInclude Include="Components.h">
      <Filter>Header Files</Filter>
    </ClInclude>
    <ClInclude Include="ObjectManager.h">
      <Filter>Header Files</Filter>
    </ClInclude>
    <ClInclude Include="imGui\imgui_impl_glfw.h">
      <Filter>Header Files\imGui</Filter>
    </ClInclude>
    <ClInclude Include="imGui\imgui_impl_opengl3.h">
      <Filter>Header Files\imGui</Filter>
    </ClInclude>
    <ClInclude Include="imGui\imgui_impl_opengl3_loader.h">
      <Filter>Header Files\imGui</Filter>
    </ClInclude>
    <ClInclude Include="imGui\imgui_internal.h">
      <Filter>Header Files\imGui</Filter>
    </ClInclude>
    <ClInclude Include="imGui\imstb_rectpack.h">
      <Filter>Header Files\imGui</Filter>
    </ClInclude>
    <ClInclude Include="imGui\imstb_textedit.h">
      <Filter>Header Files\imGui</Filter>
    </ClInclude>
    <ClInclude Include="imGui\imstb_truetype.h">
      <Filter>Header Files\imGui</Filter>
    </ClInclude>
    <ClInclude Include="imGui\imconfig.h">
      <Filter>Header Files\imGui</Filter>
    </ClInclude>
    <ClInclude Include="imGui\imgui.h">
      <Filter>Header Files\imGui</Filter>
    </ClInclude>
  </ItemGroup>
  <ItemGroup>
    <None Include="V1.goosegame">
      <Filter>Source Files</Filter>
    </None>
  </ItemGroup>
</Project>